{
  "name": "broken-types-test",
  "version": "1.0.0",
  "lockfileVersion": 2,
  "requires": true,
  "packages": {
    "": {
      "name": "broken-types-test",
      "license": "MIT",
      "dependencies": {
        "broken-types-export": "github:Dragory/broken-types-export"
      },
      "devDependencies": {
        "typescript": "^5.0.3"
      }
    },
    "node_modules/broken-types-export": {
      "resolved": "git+ssh://git@github.com/Dragory/broken-types-export.git#4ea2e1da89d4f9acd2f66838bbfd5a08f7d38e17",
      "license": "MIT"
    },
    "node_modules/typescript": {
      "version": "5.0.3",
      "resolved": "https://registry.npmjs.org/typescript/-/typescript-5.0.3.tgz",
      "integrity": "sha512-xv8mOEDnigb/tN9PSMTwSEqAnUvkoXMQlicOb0IUVDBSQCgBSaAAROUZYy2IcUy5qU6XajK5jjjO7TMWqBTKZA==",
      "dev": true,
      "bin": {
        "tsc": "bin/tsc",
        "tsserver": "bin/tsserver"
      },
      "engines": {
        "node": ">=12.20"
      }
    }
  },
  "dependencies": {
    "broken-types-export": {
      "version": "git+ssh://git@github.com/Dragory/broken-types-export.git#4ea2e1da89d4f9acd2f66838bbfd5a08f7d38e17",
      "from": "broken-types-export@github:Dragory/broken-types-export"
    },
    "typescript": {
      "version": "5.0.3",
      "resolved": "https://registry.npmjs.org/typescript/-/typescript-5.0.3.tgz",
      "integrity": "sha512-xv8mOEDnigb/tN9PSMTwSEqAnUvkoXMQlicOb0IUVDBSQCgBSaAAROUZYy2IcUy5qU6XajK5jjjO7TMWqBTKZA==",
      "dev": true
    }
  }
}
